{
  "name": "starship-the-next-generation",
  "version": "0.1.2",
  "lockfileVersion": 1,
  "requires": true,
  "dependencies": {
    "roguelike-fonts": {
      "version": "github:rocket-boots/roguelike-fonts#f6347118b4ec9fcf7309f47531cf039b5e7f1d60",
      "from": "github:rocket-boots/roguelike-fonts",
      "dev": true
    }
  }
}
